
Microsoft Visual Studio Solution File, Format Version 12.00
# Visual Studio Version 17
VisualStudioVersion = 17.6.33712.159
MinimumVisualStudioVersion = 10.0.40219.1
Project("{FAE04EC0-301F-11D3-BF4B-00C04F79EFBC}") = "smol-ai-dotnet", "smol-ai-dotnet\smol-ai-dotnet.csproj", "{6DD907FB-E488-4D8C-8A43-D6EBD54C98A9}"
EndProject
Global
	GlobalSection(SolutionConfigurationPlatforms) = preSolution
		Debug|Any CPU = Debug|Any CPU
		Release|Any CPU = Release|Any CPU
	EndGlobalSection
	GlobalSection(ProjectConfigurationPlatforms) = postSolution
		{6DD907FB-E488-4D8C-8A43-D6EBD54C98A9}.Debug|Any CPU.ActiveCfg = Debug|Any CPU
		{6DD907FB-E488-4D8C-8A43-D6EBD54C98A9}.Debug|Any CPU.Build.0 = Debug|Any CPU
		{6DD907FB-E488-4D8C-8A43-D6EBD54C98A9}.Release|Any CPU.ActiveCfg = Release|Any CPU
		{6DD907FB-E488-4D8C-8A43-D6EBD54C98A9}.Release|Any CPU.Build.0 = Release|Any CPU
	EndGlobalSection
	GlobalSection(SolutionProperties) = preSolution
		HideSolutionNode = FALSE
	EndGlobalSection
	GlobalSection(ExtensibilityGlobals) = postSolution
		SolutionGuid = {99003ED0-139E-4588-87BA-F8AB660A7DC4}
	EndGlobalSection
EndGlobal
